
Microsoft Visual Studio Solution File, Format Version 12.00
# Visual Studio Version 16
VisualStudioVersion = 16.0.34729.46
MinimumVisualStudioVersion = 10.0.40219.1
Project("{FAE04EC0-301F-11D3-BF4B-00C04F79EFBC}") = "WpfApp8", "WpfApp8\WpfApp8.csproj", "{80524C33-6DBE-4250-AF5E-25EBC8E9CCED}"
EndProject
Global
	GlobalSection(SolutionConfigurationPlatforms) = preSolution
		Debug|Any CPU = Debug|Any CPU
		Release|Any CPU = Release|Any CPU
	EndGlobalSection
	GlobalSection(ProjectConfigurationPlatforms) = postSolution
		{80524C33-6DBE-4250-AF5E-25EBC8E9CCED}.Debug|Any CPU.ActiveCfg = Debug|Any CPU
		{80524C33-6DBE-4250-AF5E-25EBC8E9CCED}.Debug|Any CPU.Build.0 = Debug|Any CPU
		{80524C33-6DBE-4250-AF5E-25EBC8E9CCED}.Release|Any CPU.ActiveCfg = Release|Any CPU
		{80524C33-6DBE-4250-AF5E-25EBC8E9CCED}.Release|Any CPU.Build.0 = Release|Any CPU
	EndGlobalSection
	GlobalSection(SolutionProperties) = preSolution
		HideSolutionNode = FALSE
	EndGlobalSection
	GlobalSection(ExtensibilityGlobals) = postSolution
		SolutionGuid = {EE1CD675-A7E0-48B6-8E18-E6605616DF00}
	EndGlobalSection
EndGlobal
